
Microsoft Visual Studio Solution File, Format Version 12.00
# Visual Studio 15
VisualStudioVersion = 15.0.27428.2015
MinimumVisualStudioVersion = 10.0.40219.1
Project("{9A19103F-16F7-4668-BE54-9A1E7A4F7556}") = "Selenium.MapaCarreira2018.Utilitarios", "Selenium.MapaCarreira2018.Utilitarios\Selenium.MapaCarreira2018.Utilitarios.csproj", "{A58273F9-24D6-41B5-A0C4-13881B0A6419}"
EndProject
Project("{FAE04EC0-301F-11D3-BF4B-00C04F79EFBC}") = "Selenium.MapaCarreira2018.Testes", "Selenium.MapaCarreira.Testes\Selenium.MapaCarreira2018.Testes.csproj", "{676789C9-685E-4108-81C9-866CEDCE3EE1}"
EndProject
Project("{FAE04EC0-301F-11D3-BF4B-00C04F79EFBC}") = "Selenium.MapaCarreira2018.Selenium", "Selenium.MapaCarreira2018.Selenium\Selenium.MapaCarreira2018.Selenium.csproj", "{4AF11B5B-2DFC-4DC6-B5CC-87355C1ACE16}"
EndProject
Global
	GlobalSection(SolutionConfigurationPlatforms) = preSolution
		Debug|Any CPU = Debug|Any CPU
		Release|Any CPU = Release|Any CPU
	EndGlobalSection
	GlobalSection(ProjectConfigurationPlatforms) = postSolution
		{A58273F9-24D6-41B5-A0C4-13881B0A6419}.Debug|Any CPU.ActiveCfg = Debug|Any CPU
		{A58273F9-24D6-41B5-A0C4-13881B0A6419}.Debug|Any CPU.Build.0 = Debug|Any CPU
		{A58273F9-24D6-41B5-A0C4-13881B0A6419}.Release|Any CPU.ActiveCfg = Release|Any CPU
		{A58273F9-24D6-41B5-A0C4-13881B0A6419}.Release|Any CPU.Build.0 = Release|Any CPU
		{676789C9-685E-4108-81C9-866CEDCE3EE1}.Debug|Any CPU.ActiveCfg = Debug|Any CPU
		{676789C9-685E-4108-81C9-866CEDCE3EE1}.Debug|Any CPU.Build.0 = Debug|Any CPU
		{676789C9-685E-4108-81C9-866CEDCE3EE1}.Release|Any CPU.ActiveCfg = Release|Any CPU
		{676789C9-685E-4108-81C9-866CEDCE3EE1}.Release|Any CPU.Build.0 = Release|Any CPU
		{4AF11B5B-2DFC-4DC6-B5CC-87355C1ACE16}.Debug|Any CPU.ActiveCfg = Debug|Any CPU
		{4AF11B5B-2DFC-4DC6-B5CC-87355C1ACE16}.Debug|Any CPU.Build.0 = Debug|Any CPU
		{4AF11B5B-2DFC-4DC6-B5CC-87355C1ACE16}.Release|Any CPU.ActiveCfg = Release|Any CPU
		{4AF11B5B-2DFC-4DC6-B5CC-87355C1ACE16}.Release|Any CPU.Build.0 = Release|Any CPU
	EndGlobalSection
	GlobalSection(SolutionProperties) = preSolution
		HideSolutionNode = FALSE
	EndGlobalSection
	GlobalSection(ExtensibilityGlobals) = postSolution
		SolutionGuid = {3BF335FC-A7E1-41F3-A48E-4603E18D7BD8}
	EndGlobalSection
EndGlobal
